{
  "lockfileVersion": 2,
  "configVersion": 1,
  "workspaces": {
    "": {
      "name": "okfsync-monorepo",
    },
    "npm": {
      "name": "okfsync",
      "version": "0.1.0",
      "bin": {
        "kbsync": "bin/kbsync.js",
      },
    },
    "template": {
      "name": "@okfsync/template",
      "version": "0.1.0",
    },
  },
  "packages": {
    "@okfsync/template": ["@okfsync/template@workspace:template"],

    "okfsync": ["okfsync@workspace:npm"],
  }
}
